%{"adz": {:git, "https://github.com/operable/adz.git", "601ceb3a19716ea635a7cd83c05f5593f5cf6c40", [tag: "0.2"]},
  "carrier": {:git, "https://github.com/operable/carrier.git", "e0414896df27cf3228d5f1a258a7d9df80a8ee0c", [ref: "41a868cc01d1a1625354c7b56b76f6a814bbfae4"]},
  "certifi": {:hex, :certifi, "0.3.0"},
  "comeonin": {:hex, :comeonin, "2.1.1"},
  "connection": {:hex, :connection, "1.0.2"},
  "cowboy": {:hex, :cowboy, "1.0.4"},
  "cowlib": {:hex, :cowlib, "1.0.2"},
  "db_connection": {:hex, :db_connection, "0.2.4"},
  "decimal": {:hex, :decimal, "1.1.1"},
  "earmark": {:hex, :earmark, "0.2.1"},
  "ecto": {:hex, :ecto, "1.1.4"},
  "emqttc": {:git, "https://github.com/operable/emqttc.git", "dc36f593822f8e01771a7edc780441fdfb2f7b15", [tag: "cog-0.2"]},
  "emqttd": {:git, "https://github.com/operable/emqttd.git", "e99446c927299ced7d93437f94c18e73a9cc0e75", [branch: "tweaks-for-upstream"]},
  "enacl": {:git, "https://github.com/jlouis/enacl.git", "03f93c4f7d0cb56b5a86b445cb004a3a8de2278b", [tag: "0.15.0"]},
  "esockd": {:git, "git://github.com/emqtt/esockd.git", "e6c27801bb5331d064081ef6d6af291a2878038c", [branch: "master"]},
  "ex_doc": {:hex, :ex_doc, "0.11.4"},
  "exirc": {:hex, :exirc, "0.9.2"},
  "exjsx": {:hex, :exjsx, "3.1.0"},
  "exml": {:git, "https://github.com/paulgray/exml.git", "4ae6dea65f97764663c43d0bafb177dc702b5c3f", [tag: "2.2.1"]},
  "fs": {:hex, :fs, "0.9.2"},
  "fumanchu": {:git, "https://github.com/operable/fumanchu.git", "e467958d720cbc91c46b486046e598fcff3f60f9", [ref: "cog-0.2"]},
  "gen_logger": {:git, "git://github.com/emqtt/gen_logger.git", "f985723843926f1814818bf63646b3dedf5c9fb3", [branch: "master"]},
  "getopt": {:git, "https://github.com/jcomellas/getopt.git", "626698975e63866156159661d100785d65eab6f9", [branch: "master"]},
  "goldrush": {:hex, :goldrush, "0.1.7"},
  "gproc": {:hex, :gproc, "0.5.0"},
  "hackney": {:hex, :hackney, "1.4.8"},
  "hedwig": {:hex, :hedwig, "0.3.0"},
  "html_entities": {:hex, :html_entities, "0.3.0"},
  "httpoison": {:hex, :httpoison, "0.8.1"},
  "httpotion": {:hex, :httpotion, "2.2.0"},
  "ibrowse": {:hex, :ibrowse, "4.2.2"},
  "idna": {:hex, :idna, "1.0.3"},
  "jsx": {:hex, :jsx, "2.8.0"},
  "lager": {:hex, :lager, "3.0.2"},
  "lager_logger": {:hex, :lager_logger, "1.0.2"},
  "logger_file_backend": {:git, "https://github.com/onkel-dirtus/logger_file_backend.git", "457ce74fc242261328f71a77d75252bf0c74c170", [ref: "457ce74fc242261328f71a77d75252bf0c74c170"]},
  "mimerl": {:hex, :mimerl, "1.0.2"},
  "mix_test_watch": {:hex, :mix_test_watch, "0.1.2"},
  "mochiweb": {:git, "git://github.com/emqtt/mochiweb.git", "f1ce26fe373b2a9b52b0b1a5d2306ebb225af7bd", [branch: "master"]},
  "phoenix": {:hex, :phoenix, "1.1.4"},
  "phoenix_ecto": {:hex, :phoenix_ecto, "2.0.1"},
  "phoenix_html": {:hex, :phoenix_html, "2.5.0"},
  "phoenix_live_reload": {:hex, :phoenix_live_reload, "1.0.3"},
  "piper": {:git, "https://github.com/operable/piper.git", "e1dd89d73bf89177832b53edd75a20817c27d965", [branch: "kevsmith/new-cmd-parser"]},
  "plug": {:hex, :plug, "1.1.2"},
  "poison": {:hex, :poison, "1.5.2"},
  "poolboy": {:hex, :poolboy, "1.5.1"},
  "porcelain": {:hex, :porcelain, "2.0.1"},
  "postgrex": {:hex, :postgrex, "0.11.1"},
  "probe": {:git, "https://github.com/operable/probe.git", "c8ebf0877651b3cc5370e3f6ca7790a277106016", [tag: "0.2"]},
  "ranch": {:hex, :ranch, "1.2.1"},
  "slack": {:hex, :slack, "0.4.2"},
  "spanner": {:git, "https://github.com/operable/spanner.git", "21446f27e6eaf9b40c9ba529810c65adc17b95a2", [ref: "21446f27e6eaf9b40c9ba529810c65adc17b95a2"]},
  "ssl_verify_hostname": {:hex, :ssl_verify_hostname, "1.0.5"},
  "uuid": {:hex, :uuid, "1.1.3"},
  "websocket_client": {:git, "https://github.com/jeremyong/websocket_client.git", "f6892c8b55004008ce2d52be7d98b156f3e34569", [ref: "f6892c8b55004008ce2d52be7d98b156f3e34569"]}}
